
Microsoft Visual Studio Solution File, Format Version 12.00
# Visual Studio Version 17
VisualStudioVersion = 17.14.36518.9 d17.14
MinimumVisualStudioVersion = 10.0.40219.1
Project("{FAE04EC0-301F-11D3-BF4B-00C04F79EFBC}") = "Week4", "Week4.csproj", "{754E32B7-BE40-60DB-B796-3CFF040E6D33}"
EndProject
Global
	GlobalSection(SolutionConfigurationPlatforms) = preSolution
		Debug|Any CPU = Debug|Any CPU
		Release|Any CPU = Release|Any CPU
	EndGlobalSection
	GlobalSection(ProjectConfigurationPlatforms) = postSolution
		{754E32B7-BE40-60DB-B796-3CFF040E6D33}.Debug|Any CPU.ActiveCfg = Debug|Any CPU
		{754E32B7-BE40-60DB-B796-3CFF040E6D33}.Debug|Any CPU.Build.0 = Debug|Any CPU
		{754E32B7-BE40-60DB-B796-3CFF040E6D33}.Release|Any CPU.ActiveCfg = Release|Any CPU
		{754E32B7-BE40-60DB-B796-3CFF040E6D33}.Release|Any CPU.Build.0 = Release|Any CPU
	EndGlobalSection
	GlobalSection(SolutionProperties) = preSolution
		HideSolutionNode = FALSE
	EndGlobalSection
	GlobalSection(ExtensibilityGlobals) = postSolution
		SolutionGuid = {0FF76A3D-33F6-4C40-85E2-93CAFDD55BE2}
	EndGlobalSection
EndGlobal
